
Microsoft Visual Studio Solution File, Format Version 12.00
# Visual Studio Version 17
VisualStudioVersion = 17.11.35219.272
MinimumVisualStudioVersion = 10.0.40219.1
Project("{FAE04EC0-301F-11D3-BF4B-00C04F79EFBC}") = "Notas", "Notas\Notas.csproj", "{638E38CA-9614-4282-BC7B-3D92C0483AC5}"
EndProject
Global
	GlobalSection(SolutionConfigurationPlatforms) = preSolution
		Debug|Any CPU = Debug|Any CPU
		Release|Any CPU = Release|Any CPU
	EndGlobalSection
	GlobalSection(ProjectConfigurationPlatforms) = postSolution
		{638E38CA-9614-4282-BC7B-3D92C0483AC5}.Debug|Any CPU.ActiveCfg = Debug|Any CPU
		{638E38CA-9614-4282-BC7B-3D92C0483AC5}.Debug|Any CPU.Build.0 = Debug|Any CPU
		{638E38CA-9614-4282-BC7B-3D92C0483AC5}.Release|Any CPU.ActiveCfg = Release|Any CPU
		{638E38CA-9614-4282-BC7B-3D92C0483AC5}.Release|Any CPU.Build.0 = Release|Any CPU
	EndGlobalSection
	GlobalSection(SolutionProperties) = preSolution
		HideSolutionNode = FALSE
	EndGlobalSection
	GlobalSection(ExtensibilityGlobals) = postSolution
		SolutionGuid = {F7F69758-3D54-4C0C-AE64-137534573DC7}
	EndGlobalSection
EndGlobal
